
Microsoft Visual Studio Solution File, Format Version 12.00
# Visual Studio 15
VisualStudioVersion = 15.0.28307.421
MinimumVisualStudioVersion = 10.0.40219.1
Project("{FAE04EC0-301F-11D3-BF4B-00C04F79EFBC}") = "__Momiji V5", "Momiji V5\__Momiji V5.csproj", "{FF2581D4-307D-4857-A041-F5A07CFB8E55}"
EndProject
Project("{FAE04EC0-301F-11D3-BF4B-00C04F79EFBC}") = "__Serialization", "__Serialization\__Serialization.csproj", "{9DDDA85E-AA3B-4D3F-8708-913AE6454288}"
EndProject
Project("{FAE04EC0-301F-11D3-BF4B-00C04F79EFBC}") = "ModuleBase", "ModuleBase\ModuleBase.csproj", "{02DCD630-A521-46E5-986A-C11C6FCDF984}"
EndProject
Project("{FAE04EC0-301F-11D3-BF4B-00C04F79EFBC}") = "__TestModule", "__TestModule\__TestModule.csproj", "{BF23CD17-D05B-4F91-AEE1-78D162327319}"
EndProject
Project("{FAE04EC0-301F-11D3-BF4B-00C04F79EFBC}") = "__Security", "__Security\__Security.csproj", "{FE1AB331-18BA-4BDB-AA13-311DF5510EE9}"
EndProject
Project("{FAE04EC0-301F-11D3-BF4B-00C04F79EFBC}") = "Fortune Module", "Fortune Module\Fortune Module.csproj", "{87E59E3D-EF3D-488C-A435-5B81EB0D5BF9}"
EndProject
Global
	GlobalSection(SolutionConfigurationPlatforms) = preSolution
		Debug|Any CPU = Debug|Any CPU
		Debug|x64 = Debug|x64
		Debug|x86 = Debug|x86
		Release|Any CPU = Release|Any CPU
		Release|x64 = Release|x64
		Release|x86 = Release|x86
	EndGlobalSection
	GlobalSection(ProjectConfigurationPlatforms) = postSolution
		{FF2581D4-307D-4857-A041-F5A07CFB8E55}.Debug|Any CPU.ActiveCfg = Debug|Any CPU
		{FF2581D4-307D-4857-A041-F5A07CFB8E55}.Debug|Any CPU.Build.0 = Debug|Any CPU
		{FF2581D4-307D-4857-A041-F5A07CFB8E55}.Debug|x64.ActiveCfg = Debug|x64
		{FF2581D4-307D-4857-A041-F5A07CFB8E55}.Debug|x64.Build.0 = Debug|x64
		{FF2581D4-307D-4857-A041-F5A07CFB8E55}.Debug|x86.ActiveCfg = Debug|x86
		{FF2581D4-307D-4857-A041-F5A07CFB8E55}.Debug|x86.Build.0 = Debug|x86
		{FF2581D4-307D-4857-A041-F5A07CFB8E55}.Release|Any CPU.ActiveCfg = Release|Any CPU
		{FF2581D4-307D-4857-A041-F5A07CFB8E55}.Release|Any CPU.Build.0 = Release|Any CPU
		{FF2581D4-307D-4857-A041-F5A07CFB8E55}.Release|x64.ActiveCfg = Release|x64
		{FF2581D4-307D-4857-A041-F5A07CFB8E55}.Release|x64.Build.0 = Release|x64
		{FF2581D4-307D-4857-A041-F5A07CFB8E55}.Release|x86.ActiveCfg = Release|x86
		{FF2581D4-307D-4857-A041-F5A07CFB8E55}.Release|x86.Build.0 = Release|x86
		{9DDDA85E-AA3B-4D3F-8708-913AE6454288}.Debug|Any CPU.ActiveCfg = Debug|Any CPU
		{9DDDA85E-AA3B-4D3F-8708-913AE6454288}.Debug|Any CPU.Build.0 = Debug|Any CPU
		{9DDDA85E-AA3B-4D3F-8708-913AE6454288}.Debug|x64.ActiveCfg = Debug|Any CPU
		{9DDDA85E-AA3B-4D3F-8708-913AE6454288}.Debug|x64.Build.0 = Debug|Any CPU
		{9DDDA85E-AA3B-4D3F-8708-913AE6454288}.Debug|x86.ActiveCfg = Debug|Any CPU
		{9DDDA85E-AA3B-4D3F-8708-913AE6454288}.Debug|x86.Build.0 = Debug|Any CPU
		{9DDDA85E-AA3B-4D3F-8708-913AE6454288}.Release|Any CPU.ActiveCfg = Release|Any CPU
		{9DDDA85E-AA3B-4D3F-8708-913AE6454288}.Release|Any CPU.Build.0 = Release|Any CPU
		{9DDDA85E-AA3B-4D3F-8708-913AE6454288}.Release|x64.ActiveCfg = Release|Any CPU
		{9DDDA85E-AA3B-4D3F-8708-913AE6454288}.Release|x64.Build.0 = Release|Any CPU
		{9DDDA85E-AA3B-4D3F-8708-913AE6454288}.Release|x86.ActiveCfg = Release|Any CPU
		{9DDDA85E-AA3B-4D3F-8708-913AE6454288}.Release|x86.Build.0 = Release|Any CPU
		{02DCD630-A521-46E5-986A-C11C6FCDF984}.Debug|Any CPU.ActiveCfg = Debug|Any CPU
		{02DCD630-A521-46E5-986A-C11C6FCDF984}.Debug|Any CPU.Build.0 = Debug|Any CPU
		{02DCD630-A521-46E5-986A-C11C6FCDF984}.Debug|x64.ActiveCfg = Debug|Any CPU
		{02DCD630-A521-46E5-986A-C11C6FCDF984}.Debug|x64.Build.0 = Debug|Any CPU
		{02DCD630-A521-46E5-986A-C11C6FCDF984}.Debug|x86.ActiveCfg = Debug|Any CPU
		{02DCD630-A521-46E5-986A-C11C6FCDF984}.Debug|x86.Build.0 = Debug|Any CPU
		{02DCD630-A521-46E5-986A-C11C6FCDF984}.Release|Any CPU.ActiveCfg = Release|Any CPU
		{02DCD630-A521-46E5-986A-C11C6FCDF984}.Release|Any CPU.Build.0 = Release|Any CPU
		{02DCD630-A521-46E5-986A-C11C6FCDF984}.Release|x64.ActiveCfg = Release|Any CPU
		{02DCD630-A521-46E5-986A-C11C6FCDF984}.Release|x64.Build.0 = Release|Any CPU
		{02DCD630-A521-46E5-986A-C11C6FCDF984}.Release|x86.ActiveCfg = Release|Any CPU
		{02DCD630-A521-46E5-986A-C11C6FCDF984}.Release|x86.Build.0 = Release|Any CPU
		{BF23CD17-D05B-4F91-AEE1-78D162327319}.Debug|Any CPU.ActiveCfg = Debug|Any CPU
		{BF23CD17-D05B-4F91-AEE1-78D162327319}.Debug|Any CPU.Build.0 = Debug|Any CPU
		{BF23CD17-D05B-4F91-AEE1-78D162327319}.Debug|x64.ActiveCfg = Debug|Any CPU
		{BF23CD17-D05B-4F91-AEE1-78D162327319}.Debug|x64.Build.0 = Debug|Any CPU
		{BF23CD17-D05B-4F91-AEE1-78D162327319}.Debug|x86.ActiveCfg = Debug|Any CPU
		{BF23CD17-D05B-4F91-AEE1-78D162327319}.Debug|x86.Build.0 = Debug|Any CPU
		{BF23CD17-D05B-4F91-AEE1-78D162327319}.Release|Any CPU.ActiveCfg = Release|Any CPU
		{BF23CD17-D05B-4F91-AEE1-78D162327319}.Release|Any CPU.Build.0 = Release|Any CPU
		{BF23CD17-D05B-4F91-AEE1-78D162327319}.Release|x64.ActiveCfg = Release|Any CPU
		{BF23CD17-D05B-4F91-AEE1-78D162327319}.Release|x64.Build.0 = Release|Any CPU
		{BF23CD17-D05B-4F91-AEE1-78D162327319}.Release|x86.ActiveCfg = Release|Any CPU
		{BF23CD17-D05B-4F91-AEE1-78D162327319}.Release|x86.Build.0 = Release|Any CPU
		{FE1AB331-18BA-4BDB-AA13-311DF5510EE9}.Debug|Any CPU.ActiveCfg = Debug|Any CPU
		{FE1AB331-18BA-4BDB-AA13-311DF5510EE9}.Debug|Any CPU.Build.0 = Debug|Any CPU
		{FE1AB331-18BA-4BDB-AA13-311DF5510EE9}.Debug|x64.ActiveCfg = Debug|Any CPU
		{FE1AB331-18BA-4BDB-AA13-311DF5510EE9}.Debug|x64.Build.0 = Debug|Any CPU
		{FE1AB331-18BA-4BDB-AA13-311DF5510EE9}.Debug|x86.ActiveCfg = Debug|Any CPU
		{FE1AB331-18BA-4BDB-AA13-311DF5510EE9}.Debug|x86.Build.0 = Debug|Any CPU
		{FE1AB331-18BA-4BDB-AA13-311DF5510EE9}.Release|Any CPU.ActiveCfg = Release|Any CPU
		{FE1AB331-18BA-4BDB-AA13-311DF5510EE9}.Release|Any CPU.Build.0 = Release|Any CPU
		{FE1AB331-18BA-4BDB-AA13-311DF5510EE9}.Release|x64.ActiveCfg = Release|Any CPU
		{FE1AB331-18BA-4BDB-AA13-311DF5510EE9}.Release|x64.Build.0 = Release|Any CPU
		{FE1AB331-18BA-4BDB-AA13-311DF5510EE9}.Release|x86.ActiveCfg = Release|Any CPU
		{FE1AB331-18BA-4BDB-AA13-311DF5510EE9}.Release|x86.Build.0 = Release|Any CPU
		{87E59E3D-EF3D-488C-A435-5B81EB0D5BF9}.Debug|Any CPU.ActiveCfg = Debug|Any CPU
		{87E59E3D-EF3D-488C-A435-5B81EB0D5BF9}.Debug|Any CPU.Build.0 = Debug|Any CPU
		{87E59E3D-EF3D-488C-A435-5B81EB0D5BF9}.Debug|x64.ActiveCfg = Debug|Any CPU
		{87E59E3D-EF3D-488C-A435-5B81EB0D5BF9}.Debug|x64.Build.0 = Debug|Any CPU
		{87E59E3D-EF3D-488C-A435-5B81EB0D5BF9}.Debug|x86.ActiveCfg = Debug|Any CPU
		{87E59E3D-EF3D-488C-A435-5B81EB0D5BF9}.Debug|x86.Build.0 = Debug|Any CPU
		{87E59E3D-EF3D-488C-A435-5B81EB0D5BF9}.Release|Any CPU.ActiveCfg = Release|Any CPU
		{87E59E3D-EF3D-488C-A435-5B81EB0D5BF9}.Release|Any CPU.Build.0 = Release|Any CPU
		{87E59E3D-EF3D-488C-A435-5B81EB0D5BF9}.Release|x64.ActiveCfg = Release|Any CPU
		{87E59E3D-EF3D-488C-A435-5B81EB0D5BF9}.Release|x64.Build.0 = Release|Any CPU
		{87E59E3D-EF3D-488C-A435-5B81EB0D5BF9}.Release|x86.ActiveCfg = Release|Any CPU
		{87E59E3D-EF3D-488C-A435-5B81EB0D5BF9}.Release|x86.Build.0 = Release|Any CPU
	EndGlobalSection
	GlobalSection(SolutionProperties) = preSolution
		HideSolutionNode = FALSE
	EndGlobalSection
	GlobalSection(ExtensibilityGlobals) = postSolution
		SolutionGuid = {43AB51CA-F2A9-4A5F-A69F-B1578D8E0BD2}
	EndGlobalSection
EndGlobal
